
Microsoft Visual Studio Solution File, Format Version 12.00
# Visual Studio Version 16
VisualStudioVersion = 16.0.29728.190
MinimumVisualStudioVersion = 10.0.40219.1
Project("{FAE04EC0-301F-11D3-BF4B-00C04F79EFBC}") = "InterativeStatementAndrewGreen", "InterativeStatementAndrewGreen.csproj", "{80B880AB-350F-400C-9F0C-4D1235030ABC}"
EndProject
Global
	GlobalSection(SolutionConfigurationPlatforms) = preSolution
		Debug|Any CPU = Debug|Any CPU
		Release|Any CPU = Release|Any CPU
	EndGlobalSection
	GlobalSection(ProjectConfigurationPlatforms) = postSolution
		{80B880AB-350F-400C-9F0C-4D1235030ABC}.Debug|Any CPU.ActiveCfg = Debug|Any CPU
		{80B880AB-350F-400C-9F0C-4D1235030ABC}.Debug|Any CPU.Build.0 = Debug|Any CPU
		{80B880AB-350F-400C-9F0C-4D1235030ABC}.Release|Any CPU.ActiveCfg = Release|Any CPU
		{80B880AB-350F-400C-9F0C-4D1235030ABC}.Release|Any CPU.Build.0 = Release|Any CPU
	EndGlobalSection
	GlobalSection(SolutionProperties) = preSolution
		HideSolutionNode = FALSE
	EndGlobalSection
	GlobalSection(ExtensibilityGlobals) = postSolution
		SolutionGuid = {2A659F18-7F13-4DCE-8172-703302CDD0F8}
	EndGlobalSection
EndGlobal
